
Microsoft Visual Studio Solution File, Format Version 12.00
# Visual Studio Version 17
VisualStudioVersion = 17.4.33213.308
MinimumVisualStudioVersion = 10.0.40219.1
Project("{FAE04EC0-301F-11D3-BF4B-00C04F79EFBC}") = "P3R.BattleStuff.Reloaded", "P3R.BattleStuff.Reloaded\P3R.BattleStuff.Reloaded.csproj", "{BE081D34-7C2F-46ED-9F97-522D19638468}"
EndProject
Project("{9A19103F-16F7-4668-BE54-9A1E7A4F7556}") = "Unreal.ObjectsEmitter.Interfaces", "submodules\Unreal.ObjectsEmitter\Unreal.ObjectsEmitter.Interfaces\Unreal.ObjectsEmitter.Interfaces.csproj", "{D932DE7C-E3B9-4873-B70E-77E2CAD20835}"
EndProject
Project("{9A19103F-16F7-4668-BE54-9A1E7A4F7556}") = "Project.Utils", "submodules\Project.Utils\Project.Utils.csproj", "{FF15F18F-47B9-4E51-B8D6-A327D3C09E29}"
EndProject
Global
	GlobalSection(SolutionConfigurationPlatforms) = preSolution
		Debug|Any CPU = Debug|Any CPU
		Release|Any CPU = Release|Any CPU
	EndGlobalSection
	GlobalSection(ProjectConfigurationPlatforms) = postSolution
		{BE081D34-7C2F-46ED-9F97-522D19638468}.Debug|Any CPU.ActiveCfg = Debug|Any CPU
		{BE081D34-7C2F-46ED-9F97-522D19638468}.Debug|Any CPU.Build.0 = Debug|Any CPU
		{BE081D34-7C2F-46ED-9F97-522D19638468}.Release|Any CPU.ActiveCfg = Release|Any CPU
		{BE081D34-7C2F-46ED-9F97-522D19638468}.Release|Any CPU.Build.0 = Release|Any CPU
		{D932DE7C-E3B9-4873-B70E-77E2CAD20835}.Debug|Any CPU.ActiveCfg = Debug|Any CPU
		{D932DE7C-E3B9-4873-B70E-77E2CAD20835}.Debug|Any CPU.Build.0 = Debug|Any CPU
		{D932DE7C-E3B9-4873-B70E-77E2CAD20835}.Release|Any CPU.ActiveCfg = Release|Any CPU
		{D932DE7C-E3B9-4873-B70E-77E2CAD20835}.Release|Any CPU.Build.0 = Release|Any CPU
		{FF15F18F-47B9-4E51-B8D6-A327D3C09E29}.Debug|Any CPU.ActiveCfg = Debug|Any CPU
		{FF15F18F-47B9-4E51-B8D6-A327D3C09E29}.Debug|Any CPU.Build.0 = Debug|Any CPU
		{FF15F18F-47B9-4E51-B8D6-A327D3C09E29}.Release|Any CPU.ActiveCfg = Release|Any CPU
		{FF15F18F-47B9-4E51-B8D6-A327D3C09E29}.Release|Any CPU.Build.0 = Release|Any CPU
	EndGlobalSection
	GlobalSection(SolutionProperties) = preSolution
		HideSolutionNode = FALSE
	EndGlobalSection
	GlobalSection(ExtensibilityGlobals) = postSolution
		SolutionGuid = {D67E72BF-5A09-47E4-BEFF-1A0E07A3770C}
	EndGlobalSection
EndGlobal
